
Microsoft Visual Studio Solution File, Format Version 12.00
# Visual Studio Version 16
VisualStudioVersion = 16.0.29613.14
MinimumVisualStudioVersion = 10.0.40219.1
Project("{FAE04EC0-301F-11D3-BF4B-00C04F79EFBC}") = "AstSolutions", "AstSolutions\AstSolutions.csproj", "{F1A87234-A4A4-4EAE-9E49-DD7676BFCADD}"
EndProject
Global
	GlobalSection(SolutionConfigurationPlatforms) = preSolution
		Debug|Any CPU = Debug|Any CPU
		Release|Any CPU = Release|Any CPU
	EndGlobalSection
	GlobalSection(ProjectConfigurationPlatforms) = postSolution
		{F1A87234-A4A4-4EAE-9E49-DD7676BFCADD}.Debug|Any CPU.ActiveCfg = Debug|Any CPU
		{F1A87234-A4A4-4EAE-9E49-DD7676BFCADD}.Debug|Any CPU.Build.0 = Debug|Any CPU
		{F1A87234-A4A4-4EAE-9E49-DD7676BFCADD}.Release|Any CPU.ActiveCfg = Release|Any CPU
		{F1A87234-A4A4-4EAE-9E49-DD7676BFCADD}.Release|Any CPU.Build.0 = Release|Any CPU
	EndGlobalSection
	GlobalSection(SolutionProperties) = preSolution
		HideSolutionNode = FALSE
	EndGlobalSection
	GlobalSection(ExtensibilityGlobals) = postSolution
		SolutionGuid = {FB561EE1-BF38-4123-9DE2-4654E524BBE2}
	EndGlobalSection
EndGlobal
